
Microsoft Visual Studio Solution File, Format Version 12.00
# Visual Studio Version 16
VisualStudioVersion = 16.0.31112.23
MinimumVisualStudioVersion = 10.0.40219.1
Project("{FAE04EC0-301F-11D3-BF4B-00C04F79EFBC}") = "RaceCars", "RaceCars\RaceCars.csproj", "{28A40626-A804-4A18-86C0-4A43DAD232B5}"
EndProject
Global
	GlobalSection(SolutionConfigurationPlatforms) = preSolution
		Debug|Any CPU = Debug|Any CPU
		Release|Any CPU = Release|Any CPU
	EndGlobalSection
	GlobalSection(ProjectConfigurationPlatforms) = postSolution
		{28A40626-A804-4A18-86C0-4A43DAD232B5}.Debug|Any CPU.ActiveCfg = Debug|Any CPU
		{28A40626-A804-4A18-86C0-4A43DAD232B5}.Debug|Any CPU.Build.0 = Debug|Any CPU
		{28A40626-A804-4A18-86C0-4A43DAD232B5}.Release|Any CPU.ActiveCfg = Release|Any CPU
		{28A40626-A804-4A18-86C0-4A43DAD232B5}.Release|Any CPU.Build.0 = Release|Any CPU
	EndGlobalSection
	GlobalSection(SolutionProperties) = preSolution
		HideSolutionNode = FALSE
	EndGlobalSection
	GlobalSection(ExtensibilityGlobals) = postSolution
		SolutionGuid = {424E11C6-A461-475A-92E8-9AE4539D24FE}
	EndGlobalSection
EndGlobal
